
Microsoft Visual Studio Solution File, Format Version 12.00
# Visual Studio 2013
VisualStudioVersion = 12.0.21005.1
MinimumVisualStudioVersion = 10.0.40219.1
Project("{FAE04EC0-301F-11D3-BF4B-00C04F79EFBC}") = "GhToSofistik", "GhToSofistik\GhToSofistik.csproj", "{40482D48-1CEA-4D7F-A68A-3BF7C27C9B39}"
EndProject
Global
	GlobalSection(SolutionConfigurationPlatforms) = preSolution
		Debug64|Any CPU = Debug64|Any CPU
		Release|Any CPU = Release|Any CPU
	EndGlobalSection
	GlobalSection(ProjectConfigurationPlatforms) = postSolution
		{40482D48-1CEA-4D7F-A68A-3BF7C27C9B39}.Debug64|Any CPU.ActiveCfg = Debug64|Any CPU
		{40482D48-1CEA-4D7F-A68A-3BF7C27C9B39}.Debug64|Any CPU.Build.0 = Debug64|Any CPU
		{40482D48-1CEA-4D7F-A68A-3BF7C27C9B39}.Release|Any CPU.ActiveCfg = Release|Any CPU
		{40482D48-1CEA-4D7F-A68A-3BF7C27C9B39}.Release|Any CPU.Build.0 = Release|Any CPU
	EndGlobalSection
	GlobalSection(SolutionProperties) = preSolution
		HideSolutionNode = FALSE
	EndGlobalSection
EndGlobal
